
Microsoft Visual Studio Solution File, Format Version 12.00
# Visual Studio Version 17
VisualStudioVersion = 17.13.35825.156 d17.13
MinimumVisualStudioVersion = 10.0.40219.1
Project("{FAE04EC0-301F-11D3-BF4B-00C04F79EFBC}") = "LanchesMac", "..\ASP-.NET-MVC-main\ASP-.NET-MVC-main\LanchesMac\LanchesMac\LanchesMac.csproj", "{480C6596-78EE-8B8F-7750-480FBED49A78}"
EndProject
Global
	GlobalSection(SolutionConfigurationPlatforms) = preSolution
		Debug|Any CPU = Debug|Any CPU
		Release|Any CPU = Release|Any CPU
	EndGlobalSection
	GlobalSection(ProjectConfigurationPlatforms) = postSolution
		{480C6596-78EE-8B8F-7750-480FBED49A78}.Debug|Any CPU.ActiveCfg = Debug|Any CPU
		{480C6596-78EE-8B8F-7750-480FBED49A78}.Debug|Any CPU.Build.0 = Debug|Any CPU
		{480C6596-78EE-8B8F-7750-480FBED49A78}.Release|Any CPU.ActiveCfg = Release|Any CPU
		{480C6596-78EE-8B8F-7750-480FBED49A78}.Release|Any CPU.Build.0 = Release|Any CPU
	EndGlobalSection
	GlobalSection(SolutionProperties) = preSolution
		HideSolutionNode = FALSE
	EndGlobalSection
	GlobalSection(ExtensibilityGlobals) = postSolution
		SolutionGuid = {1222381C-6B74-4BAF-B2C3-3628DC675AE1}
	EndGlobalSection
EndGlobal
